// !$*UTF8*$!
{
	archiveVersion = 1;
	classes = {
	};
	objectVersion = 56;
	objects = {

/* Begin PBXBuildFile section */
		03F2C7F293ABC3D9CB636B8B /* LaunchViewController.swift in Sources */ = {isa = PBXBuildFile; fileRef = 729C108BB85FD68F11476B39 /* LaunchViewController.swift */; };
		0665CE758418C1FBCEFA8BB9 /* FirebaseAuth in Frameworks */ = {isa = PBXBuildFile; productRef = FE3A00ADC5FE715C686CC713 /* FirebaseAuth */; };
		091E1C34E8115CFB2E645E90 /* Persistence.framework in Embed Frameworks */ = {isa = PBXBuildFile; fileRef = 828268C0B56A447969558340 /* Persistence.framework */; settings = {ATTRIBUTES = (CodeSignOnCopy, RemoveHeadersOnCopy, ); }; };
		0D6BE846DB2075E79243BFDE /* AppDelegate.swift in Sources */ = {isa = PBXBuildFile; fileRef = F2EC43B8D243742E16BF30D1 /* AppDelegate.swift */; };
		15ECFB360CD01CA4FA2DC12E /* LaunchScreen.storyboard in Resources */ = {isa = PBXBuildFile; fileRef = 288F35889AB8F69D6BA85CC0 /* LaunchScreen.storyboard */; };
		168A095DEF18B6B68302E865 /* Auth.framework in Frameworks */ = {isa = PBXBuildFile; fileRef = 534FAFCDEBC5E442C411F0D9 /* Auth.framework */; };
		19F72A4DA3D01CA2A6B27430 /* Assets.xcassets in Resources */ = {isa = PBXBuildFile; fileRef = F89D1F918306D28A6D10C7BA /* Assets.xcassets */; };
		1ABC0A2A22DE14626C2C03B1 /* Auth.h in Headers */ = {isa = PBXBuildFile; fileRef = CE7FDDC7CB8E34D17FFDF256 /* Auth.h */; settings = {ATTRIBUTES = (Public, ); }; };
		1D99EB775FAEC54CA2C8DBDC /* Settings.framework in Embed Frameworks */ = {isa = PBXBuildFile; fileRef = 4C96CE063A2F86330BB1C12A /* Settings.framework */; settings = {ATTRIBUTES = (CodeSignOnCopy, RemoveHeadersOnCopy, ); }; };
		21E17B7B368A0ED4FB3354A2 /* Core.framework in Frameworks */ = {isa = PBXBuildFile; fileRef = A65837811E81743CBEBE8EFA /* Core.framework */; };
		269092970F10FA2DABBF2DE2 /* GlobalConstants.swift in Sources */ = {isa = PBXBuildFile; fileRef = C31A86D76BAE32FD4999A87A /* GlobalConstants.swift */; };
		2A2BCF4FBB72590C42EE053B /* Core.framework in Frameworks */ = {isa = PBXBuildFile; fileRef = A65837811E81743CBEBE8EFA /* Core.framework */; };
		31FD88A48B2174C78B0AB68D /* Auth.framework in Embed Frameworks */ = {isa = PBXBuildFile; fileRef = 534FAFCDEBC5E442C411F0D9 /* Auth.framework */; settings = {ATTRIBUTES = (CodeSignOnCopy, RemoveHeadersOnCopy, ); }; };
		4E14E18BA5F283580FD4F4EF /* Core.h in Headers */ = {isa = PBXBuildFile; fileRef = 3A0A6E7AA4BFA63AAF05283A /* Core.h */; settings = {ATTRIBUTES = (Public, ); }; };
		5A7597564A7A41CFF40F5C52 /* Router.h in Headers */ = {isa = PBXBuildFile; fileRef = 614F03B50AC518A9CF74A48E /* Router.h */; settings = {ATTRIBUTES = (Public, ); }; };
		5ADBA33DCB8800CB7AB27EC9 /* UIComponents.framework in Frameworks */ = {isa = PBXBuildFile; fileRef = 1A8FA74BC8A60652D113D667 /* UIComponents.framework */; };
		5E4D36F60EB84DD40B10D58F /* ExpenseListViewController.swift in Sources */ = {isa = PBXBuildFile; fileRef = 8C6840A33707D2E597F0D81C /* ExpenseListViewController.swift */; };
		63485F41279E18BF2E26970C /* Settings.h in Headers */ = {isa = PBXBuildFile; fileRef = DB1AA6E0E618EB0E39C428DE /* Settings.h */; settings = {ATTRIBUTES = (Public, ); }; };
		646C6D14668CD362A7315DC6 /* Core.framework in Frameworks */ = {isa = PBXBuildFile; fileRef = A65837811E81743CBEBE8EFA /* Core.framework */; };
		672CB04158606CA4E15FD657 /* Core.framework in Frameworks */ = {isa = PBXBuildFile; fileRef = A65837811E81743CBEBE8EFA /* Core.framework */; };
		79F3DCE21A3D9103BC604F29 /* UIView+Extension.swift in Sources */ = {isa = PBXBuildFile; fileRef = 99B2CAF6BF48E298CD97C145 /* UIView+Extension.swift */; };
		84F995DCFD04F7A34063D3AE /* Persistence.framework in Frameworks */ = {isa = PBXBuildFile; fileRef = 828268C0B56A447969558340 /* Persistence.framework */; };
		858981C637D78562DD02FF5B /* Persistence.h in Headers */ = {isa = PBXBuildFile; fileRef = 1579E8D5C26B87B8417D47E7 /* Persistence.h */; settings = {ATTRIBUTES = (Public, ); }; };
		89418236C0B0CD5D61D8B0C4 /* Router.swift in Sources */ = {isa = PBXBuildFile; fileRef = 52C32DB72F572356C4ED65D2 /* Router.swift */; };
		8B85A65CDB4030140FF19451 /* Analytics.h in Headers */ = {isa = PBXBuildFile; fileRef = 24EB86050EC1C0031B3BA483 /* Analytics.h */; settings = {ATTRIBUTES = (Public, ); }; };
		A609A5C73304997630E72AD0 /* AuthViewController.swift in Sources */ = {isa = PBXBuildFile; fileRef = 8A54805FBDF8180FF0D58E31 /* AuthViewController.swift */; };
		AA88AB283340AF2AC4E72CE0 /* Expenses.framework in Embed Frameworks */ = {isa = PBXBuildFile; fileRef = 5F89C14D0CA8C90D0078C7DA /* Expenses.framework */; settings = {ATTRIBUTES = (CodeSignOnCopy, RemoveHeadersOnCopy, ); }; };
		B9BF9A42583941D590F59883 /* Settings.framework in Frameworks */ = {isa = PBXBuildFile; fileRef = 4C96CE063A2F86330BB1C12A /* Settings.framework */; };
		BA462883EED9CC7EC640EABF /* Router.framework in Frameworks */ = {isa = PBXBuildFile; fileRef = 1969767EFC256B24D0662BDA /* Router.framework */; };
		BB057577535AB19ED705A373 /* ExpenseItem.swift in Sources */ = {isa = PBXBuildFile; fileRef = 9A3E2AF0A7BFE25060131F59 /* ExpenseItem.swift */; };
		C15EC9DD95801B08A2DAC324 /* Persistence.framework in Frameworks */ = {isa = PBXBuildFile; fileRef = 828268C0B56A447969558340 /* Persistence.framework */; };
		C26680F9BD4CED94A410B073 /* CellsReusingUntils.swift in Sources */ = {isa = PBXBuildFile; fileRef = E346D5E396A62A96C74EE358 /* CellsReusingUntils.swift */; };
		C3D102BB21828999B47B545C /* Expenses.framework in Frameworks */ = {isa = PBXBuildFile; fileRef = 5F89C14D0CA8C90D0078C7DA /* Expenses.framework */; };
		C6069E472A81AD66B3917365 /* SpendWise.xcdatamodeld in Sources */ = {isa = PBXBuildFile; fileRef = 24E1B715E8A0E82BF8B46092 /* SpendWise.xcdatamodeld */; };
		C7A68253E2F614D27C65EE13 /* Expenses.framework in Frameworks */ = {isa = PBXBuildFile; fileRef = 5F89C14D0CA8C90D0078C7DA /* Expenses.framework */; };
		C7C9219EFAFA6E0120524F47 /* Analytics.framework in Frameworks */ = {isa = PBXBuildFile; fileRef = 29C47E43264877740F3FCF8E /* Analytics.framework */; };
		C85CEF394192C628B77BD908 /* Logger.swift in Sources */ = {isa = PBXBuildFile; fileRef = B95E3F63AEE12964E2602353 /* Logger.swift */; };
		CE4B11E8757188F67DD3D012 /* UIView+Constraints.swift in Sources */ = {isa = PBXBuildFile; fileRef = AA5D6EF3D3BCF60DB179FFE2 /* UIView+Constraints.swift */; };
		CF34F2B0E7BE537B0ADE4F5A /* Core.framework in Embed Frameworks */ = {isa = PBXBuildFile; fileRef = A65837811E81743CBEBE8EFA /* Core.framework */; settings = {ATTRIBUTES = (CodeSignOnCopy, RemoveHeadersOnCopy, ); }; };
		D37E1462A6B9C5395FF0DB6C /* Fonts.swift in Sources */ = {isa = PBXBuildFile; fileRef = A4BEDB270F22A922E59AF24B /* Fonts.swift */; };
		D3BCF82440893F518BD0042C /* SceneDelegate.swift in Sources */ = {isa = PBXBuildFile; fileRef = 32264475CE0E7382B03FD435 /* SceneDelegate.swift */; };
		D3BEDE058E5BB81667B5B23D /* Expenses.h in Headers */ = {isa = PBXBuildFile; fileRef = 27E6541BFC5306714138C7CE /* Expenses.h */; settings = {ATTRIBUTES = (Public, ); }; };
		D56442B8FAEF57234F6A6E0A /* UIComponents.framework in Embed Frameworks */ = {isa = PBXBuildFile; fileRef = 1A8FA74BC8A60652D113D667 /* UIComponents.framework */; settings = {ATTRIBUTES = (CodeSignOnCopy, RemoveHeadersOnCopy, ); }; };
		DDF5EC6D6CA518B6EBADBD74 /* Core.framework in Frameworks */ = {isa = PBXBuildFile; fileRef = A65837811E81743CBEBE8EFA /* Core.framework */; };
		E051BD50E21F3AB2C5F02AF1 /* Analytics.framework in Embed Frameworks */ = {isa = PBXBuildFile; fileRef = 29C47E43264877740F3FCF8E /* Analytics.framework */; settings = {ATTRIBUTES = (CodeSignOnCopy, RemoveHeadersOnCopy, ); }; };
		E745128E6B0DC7F70EEB3B86 /* Core.framework in Frameworks */ = {isa = PBXBuildFile; fileRef = A65837811E81743CBEBE8EFA /* Core.framework */; };
		E9C35ADAD1CFA62C60C88310 /* Router.framework in Embed Frameworks */ = {isa = PBXBuildFile; fileRef = 1969767EFC256B24D0662BDA /* Router.framework */; settings = {ATTRIBUTES = (CodeSignOnCopy, RemoveHeadersOnCopy, ); }; };
		EC3D4A34F526AC54A34DA1F9 /* UIComponents.framework in Frameworks */ = {isa = PBXBuildFile; fileRef = 1A8FA74BC8A60652D113D667 /* UIComponents.framework */; };
		F1768D25A13C8A7296394439 /* Core.framework in Frameworks */ = {isa = PBXBuildFile; fileRef = A65837811E81743CBEBE8EFA /* Core.framework */; };
		F265571B7373D606D5D0292E /* GoogleService-Info.plist in Resources */ = {isa = PBXBuildFile; fileRef = 153C8FF7C329C8E4FCD3AFAF /* GoogleService-Info.plist */; };
		F9249769476CC4BF483AF753 /* ExpenseListViewModel.swift in Sources */ = {isa = PBXBuildFile; fileRef = D5ACE8423D5BE9AC1139B5A7 /* ExpenseListViewModel.swift */; };
		FCB17E12EFDDCEB8A040B226 /* UIComponents.h in Headers */ = {isa = PBXBuildFile; fileRef = EC253E6ADD767725F24B57EB /* UIComponents.h */; settings = {ATTRIBUTES = (Public, ); }; };
		FCD79182AAE3830AE9B9CB9F /* Auth.framework in Frameworks */ = {isa = PBXBuildFile; fileRef = 534FAFCDEBC5E442C411F0D9 /* Auth.framework */; };
		FD463904C6FEE145965AC5ED /* Core.framework in Frameworks */ = {isa = PBXBuildFile; fileRef = A65837811E81743CBEBE8EFA /* Core.framework */; };
/* End PBXBuildFile section */

/* Begin PBXContainerItemProxy section */
		1E8C4184844570375B02E125 /* PBXContainerItemProxy */ = {
			isa = PBXContainerItemProxy;
			containerPortal = BA5EB1615A1CD0AAD26B012C /* Project object */;
			proxyType = 1;
			remoteGlobalIDString = AC7CE6CE6B3B6D9C41518597;
			remoteInfo = Analytics;
		};
		33426BF252CDA8EBCC682541 /* PBXContainerItemProxy */ = {
			isa = PBXContainerItemProxy;
			containerPortal = BA5EB1615A1CD0AAD26B012C /* Project object */;
			proxyType = 1;
			remoteGlobalIDString = 0552EFA7DEA5BD432CDCB574;
			remoteInfo = Core;
		};
		3474372EA44001EB56DCE06C /* PBXContainerItemProxy */ = {
			isa = PBXContainerItemProxy;
			containerPortal = BA5EB1615A1CD0AAD26B012C /* Project object */;
			proxyType = 1;
			remoteGlobalIDString = C7024322581AAD91861355DA;
			remoteInfo = Settings;
		};
		36F6C1DCF898F924D83513B7 /* PBXContainerItemProxy */ = {
			isa = PBXContainerItemProxy;
			containerPortal = BA5EB1615A1CD0AAD26B012C /* Project object */;
			proxyType = 1;
			remoteGlobalIDString = 9CF5A20707DE80F117428560;
			remoteInfo = UIComponents;
		};
		4736B83849C1F999085FDDE2 /* PBXContainerItemProxy */ = {
			isa = PBXContainerItemProxy;
			containerPortal = BA5EB1615A1CD0AAD26B012C /* Project object */;
			proxyType = 1;
			remoteGlobalIDString = 0552EFA7DEA5BD432CDCB574;
			remoteInfo = Core;
		};
		5550E84ABC4C1B9FBFD04026 /* PBXContainerItemProxy */ = {
			isa = PBXContainerItemProxy;
			containerPortal = BA5EB1615A1CD0AAD26B012C /* Project object */;
			proxyType = 1;
			remoteGlobalIDString = 9CF5A20707DE80F117428560;
			remoteInfo = UIComponents;
		};
		5F96F4915F6F3BD3D51E8939 /* PBXContainerItemProxy */ = {
			isa = PBXContainerItemProxy;
			containerPortal = BA5EB1615A1CD0AAD26B012C /* Project object */;
			proxyType = 1;
			remoteGlobalIDString = BDDB488A3EA469695AD9B86B;
			remoteInfo = Persistence;
		};
		8D60001E44B508839A4BA089 /* PBXContainerItemProxy */ = {
			isa = PBXContainerItemProxy;
			containerPortal = BA5EB1615A1CD0AAD26B012C /* Project object */;
			proxyType = 1;
			remoteGlobalIDString = 663BBBF3DCA314934F2222C8;
			remoteInfo = Router;
		};
		947A79E38B6DE938A319EEBE /* PBXContainerItemProxy */ = {
			isa = PBXContainerItemProxy;
			containerPortal = BA5EB1615A1CD0AAD26B012C /* Project object */;
			proxyType = 1;
			remoteGlobalIDString = 0552EFA7DEA5BD432CDCB574;
			remoteInfo = Core;
		};
		9FD051ACCCF775B34A7D8228 /* PBXContainerItemProxy */ = {
			isa = PBXContainerItemProxy;
			containerPortal = BA5EB1615A1CD0AAD26B012C /* Project object */;
			proxyType = 1;
			remoteGlobalIDString = 626F46BBD58F91A022E3F072;
			remoteInfo = Auth;
		};
		A1BA32AB2A99EFEFEC88E267 /* PBXContainerItemProxy */ = {
			isa = PBXContainerItemProxy;
			containerPortal = BA5EB1615A1CD0AAD26B012C /* Project object */;
			proxyType = 1;
			remoteGlobalIDString = 0552EFA7DEA5BD432CDCB574;
			remoteInfo = Core;
		};
		AE8DC259188EBE99B2DD954C /* PBXContainerItemProxy */ = {
			isa = PBXContainerItemProxy;
			containerPortal = BA5EB1615A1CD0AAD26B012C /* Project object */;
			proxyType = 1;
			remoteGlobalIDString = 0552EFA7DEA5BD432CDCB574;
			remoteInfo = Core;
		};
		BF7FC5FFF2613BF2AAD845B0 /* PBXContainerItemProxy */ = {
			isa = PBXContainerItemProxy;
			containerPortal = BA5EB1615A1CD0AAD26B012C /* Project object */;
			proxyType = 1;
			remoteGlobalIDString = 0552EFA7DEA5BD432CDCB574;
			remoteInfo = Core;
		};
		BFE348AF38AD809FA375B109 /* PBXContainerItemProxy */ = {
			isa = PBXContainerItemProxy;
			containerPortal = BA5EB1615A1CD0AAD26B012C /* Project object */;
			proxyType = 1;
			remoteGlobalIDString = 626F46BBD58F91A022E3F072;
			remoteInfo = Auth;
		};
		C989FBD3FD5BB84671D02770 /* PBXContainerItemProxy */ = {
			isa = PBXContainerItemProxy;
			containerPortal = BA5EB1615A1CD0AAD26B012C /* Project object */;
			proxyType = 1;
			remoteGlobalIDString = 0552EFA7DEA5BD432CDCB574;
			remoteInfo = Core;
		};
		D95A111DF2BCCD58D392ACE5 /* PBXContainerItemProxy */ = {
			isa = PBXContainerItemProxy;
			containerPortal = BA5EB1615A1CD0AAD26B012C /* Project object */;
			proxyType = 1;
			remoteGlobalIDString = 8173F4FDDE67FA292D72060A;
			remoteInfo = Expenses;
		};
		DD76D6DD78A04AD6534DA833 /* PBXContainerItemProxy */ = {
			isa = PBXContainerItemProxy;
			containerPortal = BA5EB1615A1CD0AAD26B012C /* Project object */;
			proxyType = 1;
			remoteGlobalIDString = 0552EFA7DEA5BD432CDCB574;
			remoteInfo = Core;
		};
		EDE0BB16C3F76C96BABD8C33 /* PBXContainerItemProxy */ = {
			isa = PBXContainerItemProxy;
			containerPortal = BA5EB1615A1CD0AAD26B012C /* Project object */;
			proxyType = 1;
			remoteGlobalIDString = BDDB488A3EA469695AD9B86B;
			remoteInfo = Persistence;
		};
		F5ECCFED74BEA2D2E3571ABD /* PBXContainerItemProxy */ = {
			isa = PBXContainerItemProxy;
			containerPortal = BA5EB1615A1CD0AAD26B012C /* Project object */;
			proxyType = 1;
			remoteGlobalIDString = 8173F4FDDE67FA292D72060A;
			remoteInfo = Expenses;
		};
/* End PBXContainerItemProxy section */

/* Begin PBXCopyFilesBuildPhase section */
		5D885A79ACC59F5AC08D23A6 /* Embed Frameworks */ = {
			isa = PBXCopyFilesBuildPhase;
			buildActionMask = 2147483647;
			dstPath = "";
			dstSubfolderSpec = 10;
			files = (
				CF34F2B0E7BE537B0ADE4F5A /* Core.framework in Embed Frameworks */,
				31FD88A48B2174C78B0AB68D /* Auth.framework in Embed Frameworks */,
				AA88AB283340AF2AC4E72CE0 /* Expenses.framework in Embed Frameworks */,
				E051BD50E21F3AB2C5F02AF1 /* Analytics.framework in Embed Frameworks */,
				1D99EB775FAEC54CA2C8DBDC /* Settings.framework in Embed Frameworks */,
				D56442B8FAEF57234F6A6E0A /* UIComponents.framework in Embed Frameworks */,
				091E1C34E8115CFB2E645E90 /* Persistence.framework in Embed Frameworks */,
				E9C35ADAD1CFA62C60C88310 /* Router.framework in Embed Frameworks */,
			);
			name = "Embed Frameworks";
			runOnlyForDeploymentPostprocessing = 0;
		};
/* End PBXCopyFilesBuildPhase section */

/* Begin PBXFileReference section */
		153C8FF7C329C8E4FCD3AFAF /* GoogleService-Info.plist */ = {isa = PBXFileReference; lastKnownFileType = text.plist; path = "GoogleService-Info.plist"; sourceTree = "<group>"; };
		1579E8D5C26B87B8417D47E7 /* Persistence.h */ = {isa = PBXFileReference; lastKnownFileType = sourcecode.c.h; path = Persistence.h; sourceTree = "<group>"; };
		1969767EFC256B24D0662BDA /* Router.framework */ = {isa = PBXFileReference; explicitFileType = wrapper.framework; includeInIndex = 0; path = Router.framework; sourceTree = BUILT_PRODUCTS_DIR; };
		1A8FA74BC8A60652D113D667 /* UIComponents.framework */ = {isa = PBXFileReference; explicitFileType = wrapper.framework; includeInIndex = 0; path = UIComponents.framework; sourceTree = BUILT_PRODUCTS_DIR; };
		24EB86050EC1C0031B3BA483 /* Analytics.h */ = {isa = PBXFileReference; lastKnownFileType = sourcecode.c.h; path = Analytics.h; sourceTree = "<group>"; };
		27E6541BFC5306714138C7CE /* Expenses.h */ = {isa = PBXFileReference; lastKnownFileType = sourcecode.c.h; path = Expenses.h; sourceTree = "<group>"; };
		29C47E43264877740F3FCF8E /* Analytics.framework */ = {isa = PBXFileReference; explicitFileType = wrapper.framework; includeInIndex = 0; path = Analytics.framework; sourceTree = BUILT_PRODUCTS_DIR; };
		32264475CE0E7382B03FD435 /* SceneDelegate.swift */ = {isa = PBXFileReference; lastKnownFileType = sourcecode.swift; path = SceneDelegate.swift; sourceTree = "<group>"; };
		3777FBE29C4963B7117F489A /* Info.plist */ = {isa = PBXFileReference; lastKnownFileType = text.plist; path = Info.plist; sourceTree = "<group>"; };
		3A0A6E7AA4BFA63AAF05283A /* Core.h */ = {isa = PBXFileReference; lastKnownFileType = sourcecode.c.h; path = Core.h; sourceTree = "<group>"; };
		4C96CE063A2F86330BB1C12A /* Settings.framework */ = {isa = PBXFileReference; explicitFileType = wrapper.framework; includeInIndex = 0; path = Settings.framework; sourceTree = BUILT_PRODUCTS_DIR; };
		52C32DB72F572356C4ED65D2 /* Router.swift */ = {isa = PBXFileReference; lastKnownFileType = sourcecode.swift; path = Router.swift; sourceTree = "<group>"; };
		534FAFCDEBC5E442C411F0D9 /* Auth.framework */ = {isa = PBXFileReference; explicitFileType = wrapper.framework; includeInIndex = 0; path = Auth.framework; sourceTree = BUILT_PRODUCTS_DIR; };
		5F89C14D0CA8C90D0078C7DA /* Expenses.framework */ = {isa = PBXFileReference; explicitFileType = wrapper.framework; includeInIndex = 0; path = Expenses.framework; sourceTree = BUILT_PRODUCTS_DIR; };
		614F03B50AC518A9CF74A48E /* Router.h */ = {isa = PBXFileReference; lastKnownFileType = sourcecode.c.h; path = Router.h; sourceTree = "<group>"; };
		729C108BB85FD68F11476B39 /* LaunchViewController.swift */ = {isa = PBXFileReference; lastKnownFileType = sourcecode.swift; path = LaunchViewController.swift; sourceTree = "<group>"; };
		828268C0B56A447969558340 /* Persistence.framework */ = {isa = PBXFileReference; explicitFileType = wrapper.framework; includeInIndex = 0; path = Persistence.framework; sourceTree = BUILT_PRODUCTS_DIR; };
		8A54805FBDF8180FF0D58E31 /* AuthViewController.swift */ = {isa = PBXFileReference; lastKnownFileType = sourcecode.swift; path = AuthViewController.swift; sourceTree = "<group>"; };
		8C6840A33707D2E597F0D81C /* ExpenseListViewController.swift */ = {isa = PBXFileReference; lastKnownFileType = sourcecode.swift; path = ExpenseListViewController.swift; sourceTree = "<group>"; };
		99B2CAF6BF48E298CD97C145 /* UIView+Extension.swift */ = {isa = PBXFileReference; lastKnownFileType = sourcecode.swift; path = "UIView+Extension.swift"; sourceTree = "<group>"; };
		9A3E2AF0A7BFE25060131F59 /* ExpenseItem.swift */ = {isa = PBXFileReference; lastKnownFileType = sourcecode.swift; path = ExpenseItem.swift; sourceTree = "<group>"; };
		A4BEDB270F22A922E59AF24B /* Fonts.swift */ = {isa = PBXFileReference; lastKnownFileType = sourcecode.swift; path = Fonts.swift; sourceTree = "<group>"; };
		A65837811E81743CBEBE8EFA /* Core.framework */ = {isa = PBXFileReference; explicitFileType = wrapper.framework; includeInIndex = 0; path = Core.framework; sourceTree = BUILT_PRODUCTS_DIR; };
		AA5D6EF3D3BCF60DB179FFE2 /* UIView+Constraints.swift */ = {isa = PBXFileReference; lastKnownFileType = sourcecode.swift; path = "UIView+Constraints.swift"; sourceTree = "<group>"; };
		B95E3F63AEE12964E2602353 /* Logger.swift */ = {isa = PBXFileReference; lastKnownFileType = sourcecode.swift; path = Logger.swift; sourceTree = "<group>"; };
		BD26CB56B60917F0E7663E28 /* SpendWise.app */ = {isa = PBXFileReference; includeInIndex = 0; lastKnownFileType = wrapper.application; path = SpendWise.app; sourceTree = BUILT_PRODUCTS_DIR; };
		C224B85EDBF53995E5E43C6E /* Base */ = {isa = PBXFileReference; lastKnownFileType = file.storyboard; name = Base; path = Base.lproj/LaunchScreen.storyboard; sourceTree = "<group>"; };
		C31A86D76BAE32FD4999A87A /* GlobalConstants.swift */ = {isa = PBXFileReference; lastKnownFileType = sourcecode.swift; path = GlobalConstants.swift; sourceTree = "<group>"; };
		CE7FDDC7CB8E34D17FFDF256 /* Auth.h */ = {isa = PBXFileReference; lastKnownFileType = sourcecode.c.h; path = Auth.h; sourceTree = "<group>"; };
		D5ACE8423D5BE9AC1139B5A7 /* ExpenseListViewModel.swift */ = {isa = PBXFileReference; lastKnownFileType = sourcecode.swift; path = ExpenseListViewModel.swift; sourceTree = "<group>"; };
		DB1AA6E0E618EB0E39C428DE /* Settings.h */ = {isa = PBXFileReference; lastKnownFileType = sourcecode.c.h; path = Settings.h; sourceTree = "<group>"; };
		E346D5E396A62A96C74EE358 /* CellsReusingUntils.swift */ = {isa = PBXFileReference; lastKnownFileType = sourcecode.swift; path = CellsReusingUntils.swift; sourceTree = "<group>"; };
		EC253E6ADD767725F24B57EB /* UIComponents.h */ = {isa = PBXFileReference; lastKnownFileType = sourcecode.c.h; path = UIComponents.h; sourceTree = "<group>"; };
		F2EC43B8D243742E16BF30D1 /* AppDelegate.swift */ = {isa = PBXFileReference; lastKnownFileType = sourcecode.swift; path = AppDelegate.swift; sourceTree = "<group>"; };
		F89D1F918306D28A6D10C7BA /* Assets.xcassets */ = {isa = PBXFileReference; lastKnownFileType = folder.assetcatalog; path = Assets.xcassets; sourceTree = "<group>"; };
		FB88AF82F0B197AD28A1E680 /* SpendWise.xcdatamodel */ = {isa = PBXFileReference; lastKnownFileType = wrapper.xcdatamodel; path = SpendWise.xcdatamodel; sourceTree = "<group>"; };
/* End PBXFileReference section */

/* Begin PBXFrameworksBuildPhase section */
		051DFB6E26EF1B0351CFBBA5 /* Frameworks */ = {
			isa = PBXFrameworksBuildPhase;
			buildActionMask = 2147483647;
			files = (
				21E17B7B368A0ED4FB3354A2 /* Core.framework in Frameworks */,
				84F995DCFD04F7A34063D3AE /* Persistence.framework in Frameworks */,
			);
			runOnlyForDeploymentPostprocessing = 0;
		};
		25164E6011E8CA2E0C171381 /* Frameworks */ = {
			isa = PBXFrameworksBuildPhase;
			buildActionMask = 2147483647;
			files = (
				F1768D25A13C8A7296394439 /* Core.framework in Frameworks */,
			);
			runOnlyForDeploymentPostprocessing = 0;
		};
		32F1D4E6E5D0FCEA2C4676F5 /* Frameworks */ = {
			isa = PBXFrameworksBuildPhase;
			buildActionMask = 2147483647;
			files = (
				646C6D14668CD362A7315DC6 /* Core.framework in Frameworks */,
				168A095DEF18B6B68302E865 /* Auth.framework in Frameworks */,
				C3D102BB21828999B47B545C /* Expenses.framework in Frameworks */,
				C7C9219EFAFA6E0120524F47 /* Analytics.framework in Frameworks */,
				B9BF9A42583941D590F59883 /* Settings.framework in Frameworks */,
				5ADBA33DCB8800CB7AB27EC9 /* UIComponents.framework in Frameworks */,
				C15EC9DD95801B08A2DAC324 /* Persistence.framework in Frameworks */,
				BA462883EED9CC7EC640EABF /* Router.framework in Frameworks */,
			);
			runOnlyForDeploymentPostprocessing = 0;
		};
		51146006A7D4946B0ECC2C7D /* Frameworks */ = {
			isa = PBXFrameworksBuildPhase;
			buildActionMask = 2147483647;
			files = (
				2A2BCF4FBB72590C42EE053B /* Core.framework in Frameworks */,
				C7A68253E2F614D27C65EE13 /* Expenses.framework in Frameworks */,
				FCD79182AAE3830AE9B9CB9F /* Auth.framework in Frameworks */,
			);
			runOnlyForDeploymentPostprocessing = 0;
		};
		571C7CC671724743F122F6F6 /* Frameworks */ = {
			isa = PBXFrameworksBuildPhase;
			buildActionMask = 2147483647;
			files = (
				FD463904C6FEE145965AC5ED /* Core.framework in Frameworks */,
				EC3D4A34F526AC54A34DA1F9 /* UIComponents.framework in Frameworks */,
			);
			runOnlyForDeploymentPostprocessing = 0;
		};
		8EF4BA6CB982441916B1E4C3 /* Frameworks */ = {
			isa = PBXFrameworksBuildPhase;
			buildActionMask = 2147483647;
			files = (
				672CB04158606CA4E15FD657 /* Core.framework in Frameworks */,
			);
			runOnlyForDeploymentPostprocessing = 0;
		};
		C17140C3DF59CDEB17BA5B26 /* Frameworks */ = {
			isa = PBXFrameworksBuildPhase;
			buildActionMask = 2147483647;
			files = (
				E745128E6B0DC7F70EEB3B86 /* Core.framework in Frameworks */,
				0665CE758418C1FBCEFA8BB9 /* FirebaseAuth in Frameworks */,
			);
			runOnlyForDeploymentPostprocessing = 0;
		};
		D61EC0970EDB25CFD322F3E3 /* Frameworks */ = {
			isa = PBXFrameworksBuildPhase;
			buildActionMask = 2147483647;
			files = (
				DDF5EC6D6CA518B6EBADBD74 /* Core.framework in Frameworks */,
			);
			runOnlyForDeploymentPostprocessing = 0;
		};
/* End PBXFrameworksBuildPhase section */

/* Begin PBXGroup section */
		0E3757A7B2A023547F17013E /* Analytics */ = {
			isa = PBXGroup;
			children = (
				24EB86050EC1C0031B3BA483 /* Analytics.h */,
			);
			path = Analytics;
			sourceTree = "<group>";
		};
		4F725F675AB4C61028B29593 /* UIComponents */ = {
			isa = PBXGroup;
			children = (
				EC253E6ADD767725F24B57EB /* UIComponents.h */,
			);
			path = UIComponents;
			sourceTree = "<group>";
		};
		553D161CEAA338E614877CF2 /* DesignSystem */ = {
			isa = PBXGroup;
			children = (
				A4BEDB270F22A922E59AF24B /* Fonts.swift */,
			);
			path = DesignSystem;
			sourceTree = "<group>";
		};
		5E387B149ECE37AAE10FFAC2 /* Model */ = {
			isa = PBXGroup;
			children = (
				9A3E2AF0A7BFE25060131F59 /* ExpenseItem.swift */,
			);
			path = Model;
			sourceTree = "<group>";
		};
		6EAD9ACD5B8B0B45EF540B5B = {
			isa = PBXGroup;
			children = (
				0E3757A7B2A023547F17013E /* Analytics */,
				B692AF4E86D20273E15E6074 /* Auth */,
				EB5D2AC0549636B11BB428E6 /* Core */,
				B586547F5CDBC3E62E2953D8 /* Expenses */,
				FBE8684D2FCA25EC2703B43D /* Persistence */,
				A2FC18D3F31389375C87280E /* Router */,
				A39B8FFE5AD00FF98F30A8C4 /* Settings */,
				C81B0EBF2C43C07B7B44CAF9 /* SpendWise */,
				4F725F675AB4C61028B29593 /* UIComponents */,
				E79F8958110FAC64CEBFF82B /* Products */,
			);
			sourceTree = "<group>";
		};
		7F562F6F26198AA6ED8BA5CA /* View */ = {
			isa = PBXGroup;
			children = (
				8C6840A33707D2E597F0D81C /* ExpenseListViewController.swift */,
			);
			path = View;
			sourceTree = "<group>";
		};
		A2FC18D3F31389375C87280E /* Router */ = {
			isa = PBXGroup;
			children = (
				729C108BB85FD68F11476B39 /* LaunchViewController.swift */,
				614F03B50AC518A9CF74A48E /* Router.h */,
				52C32DB72F572356C4ED65D2 /* Router.swift */,
			);
			path = Router;
			sourceTree = "<group>";
		};
		A39B8FFE5AD00FF98F30A8C4 /* Settings */ = {
			isa = PBXGroup;
			children = (
				DB1AA6E0E618EB0E39C428DE /* Settings.h */,
			);
			path = Settings;
			sourceTree = "<group>";
		};
		B586547F5CDBC3E62E2953D8 /* Expenses */ = {
			isa = PBXGroup;
			children = (
				27E6541BFC5306714138C7CE /* Expenses.h */,
				E4B3A40A6CC5F08E58248972 /* ExpenseListViewController */,
			);
			path = Expenses;
			sourceTree = "<group>";
		};
		B692AF4E86D20273E15E6074 /* Auth */ = {
			isa = PBXGroup;
			children = (
				CE7FDDC7CB8E34D17FFDF256 /* Auth.h */,
				8A54805FBDF8180FF0D58E31 /* AuthViewController.swift */,
				153C8FF7C329C8E4FCD3AFAF /* GoogleService-Info.plist */,
			);
			path = Auth;
			sourceTree = "<group>";
		};
		B800231D055E1A4F36CE7DB6 /* Common */ = {
			isa = PBXGroup;
			children = (
				E346D5E396A62A96C74EE358 /* CellsReusingUntils.swift */,
				C31A86D76BAE32FD4999A87A /* GlobalConstants.swift */,
				B95E3F63AEE12964E2602353 /* Logger.swift */,
				AA5D6EF3D3BCF60DB179FFE2 /* UIView+Constraints.swift */,
				99B2CAF6BF48E298CD97C145 /* UIView+Extension.swift */,
			);
			path = Common;
			sourceTree = "<group>";
		};
		C81B0EBF2C43C07B7B44CAF9 /* SpendWise */ = {
			isa = PBXGroup;
			children = (
				F2EC43B8D243742E16BF30D1 /* AppDelegate.swift */,
				32264475CE0E7382B03FD435 /* SceneDelegate.swift */,
				F9341813818211FA3E0768BC /* Resouces */,
			);
			path = SpendWise;
			sourceTree = "<group>";
		};
		E4B3A40A6CC5F08E58248972 /* ExpenseListViewController */ = {
			isa = PBXGroup;
			children = (
				5E387B149ECE37AAE10FFAC2 /* Model */,
				7F562F6F26198AA6ED8BA5CA /* View */,
				F5E181976994FCC56DC22753 /* ViewModel */,
			);
			path = ExpenseListViewController;
			sourceTree = "<group>";
		};
		E79F8958110FAC64CEBFF82B /* Products */ = {
			isa = PBXGroup;
			children = (
				29C47E43264877740F3FCF8E /* Analytics.framework */,
				534FAFCDEBC5E442C411F0D9 /* Auth.framework */,
				A65837811E81743CBEBE8EFA /* Core.framework */,
				5F89C14D0CA8C90D0078C7DA /* Expenses.framework */,
				828268C0B56A447969558340 /* Persistence.framework */,
				1969767EFC256B24D0662BDA /* Router.framework */,
				4C96CE063A2F86330BB1C12A /* Settings.framework */,
				BD26CB56B60917F0E7663E28 /* SpendWise.app */,
				1A8FA74BC8A60652D113D667 /* UIComponents.framework */,
			);
			name = Products;
			sourceTree = "<group>";
		};
		EB5D2AC0549636B11BB428E6 /* Core */ = {
			isa = PBXGroup;
			children = (
				3A0A6E7AA4BFA63AAF05283A /* Core.h */,
				B800231D055E1A4F36CE7DB6 /* Common */,
				553D161CEAA338E614877CF2 /* DesignSystem */,
			);
			path = Core;
			sourceTree = "<group>";
		};
		F5E181976994FCC56DC22753 /* ViewModel */ = {
			isa = PBXGroup;
			children = (
				D5ACE8423D5BE9AC1139B5A7 /* ExpenseListViewModel.swift */,
			);
			path = ViewModel;
			sourceTree = "<group>";
		};
		F9341813818211FA3E0768BC /* Resouces */ = {
			isa = PBXGroup;
			children = (
				F89D1F918306D28A6D10C7BA /* Assets.xcassets */,
				3777FBE29C4963B7117F489A /* Info.plist */,
				288F35889AB8F69D6BA85CC0 /* LaunchScreen.storyboard */,
			);
			path = Resouces;
			sourceTree = "<group>";
		};
		FBE8684D2FCA25EC2703B43D /* Persistence */ = {
			isa = PBXGroup;
			children = (
				24E1B715E8A0E82BF8B46092 /* SpendWise.xcdatamodeld */,
				1579E8D5C26B87B8417D47E7 /* Persistence.h */,
			);
			path = Persistence;
			sourceTree = "<group>";
		};
/* End PBXGroup section */

/* Begin PBXHeadersBuildPhase section */
		4BE542380FD211375CFF3683 /* Headers */ = {
			isa = PBXHeadersBuildPhase;
			buildActionMask = 2147483647;
			files = (
				5A7597564A7A41CFF40F5C52 /* Router.h in Headers */,
			);
			runOnlyForDeploymentPostprocessing = 0;
		};
		699C5AEEE44E858EEE78235A /* Headers */ = {
			isa = PBXHeadersBuildPhase;
			buildActionMask = 2147483647;
			files = (
				1ABC0A2A22DE14626C2C03B1 /* Auth.h in Headers */,
			);
			runOnlyForDeploymentPostprocessing = 0;
		};
		6E4CD7C315879C0492B31E73 /* Headers */ = {
			isa = PBXHeadersBuildPhase;
			buildActionMask = 2147483647;
			files = (
				8B85A65CDB4030140FF19451 /* Analytics.h in Headers */,
			);
			runOnlyForDeploymentPostprocessing = 0;
		};
		7F9A5F34D8BC8DC921C25658 /* Headers */ = {
			isa = PBXHeadersBuildPhase;
			buildActionMask = 2147483647;
			files = (
				858981C637D78562DD02FF5B /* Persistence.h in Headers */,
			);
			runOnlyForDeploymentPostprocessing = 0;
		};
		95C7E7BA745F4759F0118445 /* Headers */ = {
			isa = PBXHeadersBuildPhase;
			buildActionMask = 2147483647;
			files = (
				63485F41279E18BF2E26970C /* Settings.h in Headers */,
			);
			runOnlyForDeploymentPostprocessing = 0;
		};
		A98FE49CA034E3894D2CEEDC /* Headers */ = {
			isa = PBXHeadersBuildPhase;
			buildActionMask = 2147483647;
			files = (
				D3BEDE058E5BB81667B5B23D /* Expenses.h in Headers */,
			);
			runOnlyForDeploymentPostprocessing = 0;
		};
		DB87F432F548C362FCAE9D47 /* Headers */ = {
			isa = PBXHeadersBuildPhase;
			buildActionMask = 2147483647;
			files = (
				4E14E18BA5F283580FD4F4EF /* Core.h in Headers */,
			);
			runOnlyForDeploymentPostprocessing = 0;
		};
		ECDCF30A07C20847D647DDB5 /* Headers */ = {
			isa = PBXHeadersBuildPhase;
			buildActionMask = 2147483647;
			files = (
				FCB17E12EFDDCEB8A040B226 /* UIComponents.h in Headers */,
			);
			runOnlyForDeploymentPostprocessing = 0;
		};
/* End PBXHeadersBuildPhase section */

/* Begin PBXNativeTarget section */
		0552EFA7DEA5BD432CDCB574 /* Core */ = {
			isa = PBXNativeTarget;
			buildConfigurationList = B2BA8038D8756FEADE1583A3 /* Build configuration list for PBXNativeTarget "Core" */;
			buildPhases = (
				DB87F432F548C362FCAE9D47 /* Headers */,
				CE1BDFAAFCB952C242C0299A /* Sources */,
			);
			buildRules = (
			);
			dependencies = (
			);
			name = Core;
			productName = Core;
			productReference = A65837811E81743CBEBE8EFA /* Core.framework */;
			productType = "com.apple.product-type.framework";
		};
		4D9D57C373A5ACA64CEEBD98 /* SpendWise */ = {
			isa = PBXNativeTarget;
			buildConfigurationList = A4CF813043B3C542916339FA /* Build configuration list for PBXNativeTarget "SpendWise" */;
			buildPhases = (
				769DA113F1DCAA9A4057BA6C /* Run Script */,
				978242DE9CA42ADFDC4A13F2 /* Sources */,
				2C3DF53E4AB4928434D10839 /* Resources */,
				32F1D4E6E5D0FCEA2C4676F5 /* Frameworks */,
				5D885A79ACC59F5AC08D23A6 /* Embed Frameworks */,
			);
			buildRules = (
			);
			dependencies = (
				D6C228C1CE3905483468FC4B /* PBXTargetDependency */,
				F080134E6DC90156A08729B0 /* PBXTargetDependency */,
				05A0C01A85B9ACB29F97C222 /* PBXTargetDependency */,
				823D8DE53F785B53973B107A /* PBXTargetDependency */,
				CA873652D036724BE08DE146 /* PBXTargetDependency */,
				48B06A197DD0FE334802E42D /* PBXTargetDependency */,
				197A3151AC4819644274DAD9 /* PBXTargetDependency */,
				49B8B1778B633A38FEDD4832 /* PBXTargetDependency */,
			);
			name = SpendWise;
			productName = SpendWise;
			productReference = BD26CB56B60917F0E7663E28 /* SpendWise.app */;
			productType = "com.apple.product-type.application";
		};
		626F46BBD58F91A022E3F072 /* Auth */ = {
			isa = PBXNativeTarget;
			buildConfigurationList = B3D4AF96D98F35E1BDD1019F /* Build configuration list for PBXNativeTarget "Auth" */;
			buildPhases = (
				699C5AEEE44E858EEE78235A /* Headers */,
				9B18829C5D0E0605A98B30E8 /* Sources */,
				28C859244E9FBF328C5A5767 /* Resources */,
				C17140C3DF59CDEB17BA5B26 /* Frameworks */,
			);
			buildRules = (
			);
			dependencies = (
				D2241609B0525159A9D0A2B6 /* PBXTargetDependency */,
			);
			name = Auth;
			packageProductDependencies = (
				FE3A00ADC5FE715C686CC713 /* FirebaseAuth */,
			);
			productName = Auth;
			productReference = 534FAFCDEBC5E442C411F0D9 /* Auth.framework */;
			productType = "com.apple.product-type.framework";
		};
		663BBBF3DCA314934F2222C8 /* Router */ = {
			isa = PBXNativeTarget;
			buildConfigurationList = 51D85D19EBEF35894DF7F019 /* Build configuration list for PBXNativeTarget "Router" */;
			buildPhases = (
				4BE542380FD211375CFF3683 /* Headers */,
				4CD430A85F8D270C29285084 /* Sources */,
				51146006A7D4946B0ECC2C7D /* Frameworks */,
			);
			buildRules = (
			);
			dependencies = (
				D38226318BCF2C922E46E545 /* PBXTargetDependency */,
				AD5D5F3CAD12A722736D561E /* PBXTargetDependency */,
				C241C69FB4F76D13164F1FE3 /* PBXTargetDependency */,
			);
			name = Router;
			productName = Router;
			productReference = 1969767EFC256B24D0662BDA /* Router.framework */;
			productType = "com.apple.product-type.framework";
		};
		8173F4FDDE67FA292D72060A /* Expenses */ = {
			isa = PBXNativeTarget;
			buildConfigurationList = 7849095DD7716ECE39B7BF8E /* Build configuration list for PBXNativeTarget "Expenses" */;
			buildPhases = (
				A98FE49CA034E3894D2CEEDC /* Headers */,
				35DA090831434E8079DE27FB /* Sources */,
				051DFB6E26EF1B0351CFBBA5 /* Frameworks */,
			);
			buildRules = (
			);
			dependencies = (
				F6BA8F45E90CB21DAC85D10E /* PBXTargetDependency */,
				6CED479C87626E2DA266C8D5 /* PBXTargetDependency */,
			);
			name = Expenses;
			productName = Expenses;
			productReference = 5F89C14D0CA8C90D0078C7DA /* Expenses.framework */;
			productType = "com.apple.product-type.framework";
		};
		9CF5A20707DE80F117428560 /* UIComponents */ = {
			isa = PBXNativeTarget;
			buildConfigurationList = 6C6832CC50825591A72BE1B7 /* Build configuration list for PBXNativeTarget "UIComponents" */;
			buildPhases = (
				ECDCF30A07C20847D647DDB5 /* Headers */,
				C53F052E5CE7E9D749AC7AFB /* Sources */,
				8EF4BA6CB982441916B1E4C3 /* Frameworks */,
			);
			buildRules = (
			);
			dependencies = (
				E94CCB8FCCF85FF05FCA9D98 /* PBXTargetDependency */,
			);
			name = UIComponents;
			productName = UIComponents;
			productReference = 1A8FA74BC8A60652D113D667 /* UIComponents.framework */;
			productType = "com.apple.product-type.framework";
		};
		AC7CE6CE6B3B6D9C41518597 /* Analytics */ = {
			isa = PBXNativeTarget;
			buildConfigurationList = 7FCEDFB47C669C68AB0891EF /* Build configuration list for PBXNativeTarget "Analytics" */;
			buildPhases = (
				6E4CD7C315879C0492B31E73 /* Headers */,
				9B71450D1E5A41C14E8046D2 /* Sources */,
				D61EC0970EDB25CFD322F3E3 /* Frameworks */,
			);
			buildRules = (
			);
			dependencies = (
				C8FE91B2E653497259D2F4D2 /* PBXTargetDependency */,
			);
			name = Analytics;
			productName = Analytics;
			productReference = 29C47E43264877740F3FCF8E /* Analytics.framework */;
			productType = "com.apple.product-type.framework";
		};
		BDDB488A3EA469695AD9B86B /* Persistence */ = {
			isa = PBXNativeTarget;
			buildConfigurationList = CAC95B81BEB1075046276854 /* Build configuration list for PBXNativeTarget "Persistence" */;
			buildPhases = (
				7F9A5F34D8BC8DC921C25658 /* Headers */,
				88F5FEA2C39AA933B9A69855 /* Sources */,
				25164E6011E8CA2E0C171381 /* Frameworks */,
			);
			buildRules = (
			);
			dependencies = (
				43EF6AB32A8D33B86F0C6A13 /* PBXTargetDependency */,
			);
			name = Persistence;
			productName = Persistence;
			productReference = 828268C0B56A447969558340 /* Persistence.framework */;
			productType = "com.apple.product-type.framework";
		};
		C7024322581AAD91861355DA /* Settings */ = {
			isa = PBXNativeTarget;
			buildConfigurationList = B06363E17104BE7519D58D11 /* Build configuration list for PBXNativeTarget "Settings" */;
			buildPhases = (
				95C7E7BA745F4759F0118445 /* Headers */,
				2D0C9CCBE183CBF19561F072 /* Sources */,
				571C7CC671724743F122F6F6 /* Frameworks */,
			);
			buildRules = (
			);
			dependencies = (
				42E8E559F975EB95C7D90FB0 /* PBXTargetDependency */,
				D07365A5D88F6A5FDD71771C /* PBXTargetDependency */,
			);
			name = Settings;
			productName = Settings;
			productReference = 4C96CE063A2F86330BB1C12A /* Settings.framework */;
			productType = "com.apple.product-type.framework";
		};
/* End PBXNativeTarget section */

/* Begin PBXProject section */
		BA5EB1615A1CD0AAD26B012C /* Project object */ = {
			isa = PBXProject;
			attributes = {
				BuildIndependentTargetsInParallel = YES;
				LastUpgradeCheck = 1430;
			};
			buildConfigurationList = 0588285240F2AA9D332D4EB9 /* Build configuration list for PBXProject "SpendWise" */;
			compatibilityVersion = "Xcode 14.0";
			developmentRegion = en;
			hasScannedForEncodings = 0;
			knownRegions = (
				Base,
				en,
			);
			mainGroup = 6EAD9ACD5B8B0B45EF540B5B;
			packageReferences = (
				B63F10D0EC3178D456482A30 /* XCRemoteSwiftPackageReference "firebase-ios-sdk" */,
				64C6929F180CD3793814034D /* XCRemoteSwiftPackageReference "SwiftLint" */,
			);
			projectDirPath = "";
			projectRoot = "";
			targets = (
				AC7CE6CE6B3B6D9C41518597 /* Analytics */,
				626F46BBD58F91A022E3F072 /* Auth */,
				0552EFA7DEA5BD432CDCB574 /* Core */,
				8173F4FDDE67FA292D72060A /* Expenses */,
				BDDB488A3EA469695AD9B86B /* Persistence */,
				663BBBF3DCA314934F2222C8 /* Router */,
				C7024322581AAD91861355DA /* Settings */,
				4D9D57C373A5ACA64CEEBD98 /* SpendWise */,
				9CF5A20707DE80F117428560 /* UIComponents */,
			);
		};
/* End PBXProject section */

/* Begin PBXResourcesBuildPhase section */
		28C859244E9FBF328C5A5767 /* Resources */ = {
			isa = PBXResourcesBuildPhase;
			buildActionMask = 2147483647;
			files = (
				F265571B7373D606D5D0292E /* GoogleService-Info.plist in Resources */,
			);
			runOnlyForDeploymentPostprocessing = 0;
		};
		2C3DF53E4AB4928434D10839 /* Resources */ = {
			isa = PBXResourcesBuildPhase;
			buildActionMask = 2147483647;
			files = (
				19F72A4DA3D01CA2A6B27430 /* Assets.xcassets in Resources */,
				15ECFB360CD01CA4FA2DC12E /* LaunchScreen.storyboard in Resources */,
			);
			runOnlyForDeploymentPostprocessing = 0;
		};
/* End PBXResourcesBuildPhase section */

/* Begin PBXShellScriptBuildPhase section */
		769DA113F1DCAA9A4057BA6C /* Run Script */ = {
			isa = PBXShellScriptBuildPhase;
			buildActionMask = 2147483647;
			files = (
			);
			inputFileListPaths = (
			);
			inputPaths = (
			);
			name = "Run Script";
			outputFileListPaths = (
			);
			outputPaths = (
			);
			runOnlyForDeploymentPostprocessing = 0;
			shellPath = /bin/sh;
			shellScript = "export PATH=\"$PATH:/opt/homebrew/bin\"\nif which swiftlint > /dev/null; then\n  swiftlint\nelse\n  echo \"warning: SwiftLint не установлен. Установите через SPM или Homebrew\"\nfi\n";
		};
/* End PBXShellScriptBuildPhase section */

/* Begin PBXSourcesBuildPhase section */
		2D0C9CCBE183CBF19561F072 /* Sources */ = {
			isa = PBXSourcesBuildPhase;
			buildActionMask = 2147483647;
			files = (
			);
			runOnlyForDeploymentPostprocessing = 0;
		};
		35DA090831434E8079DE27FB /* Sources */ = {
			isa = PBXSourcesBuildPhase;
			buildActionMask = 2147483647;
			files = (
				BB057577535AB19ED705A373 /* ExpenseItem.swift in Sources */,
				5E4D36F60EB84DD40B10D58F /* ExpenseListViewController.swift in Sources */,
				F9249769476CC4BF483AF753 /* ExpenseListViewModel.swift in Sources */,
			);
			runOnlyForDeploymentPostprocessing = 0;
		};
		4CD430A85F8D270C29285084 /* Sources */ = {
			isa = PBXSourcesBuildPhase;
			buildActionMask = 2147483647;
			files = (
				03F2C7F293ABC3D9CB636B8B /* LaunchViewController.swift in Sources */,
				89418236C0B0CD5D61D8B0C4 /* Router.swift in Sources */,
			);
			runOnlyForDeploymentPostprocessing = 0;
		};
		88F5FEA2C39AA933B9A69855 /* Sources */ = {
			isa = PBXSourcesBuildPhase;
			buildActionMask = 2147483647;
			files = (
			);
			runOnlyForDeploymentPostprocessing = 0;
		};
		978242DE9CA42ADFDC4A13F2 /* Sources */ = {
			isa = PBXSourcesBuildPhase;
			buildActionMask = 2147483647;
			files = (
				0D6BE846DB2075E79243BFDE /* AppDelegate.swift in Sources */,
				D3BCF82440893F518BD0042C /* SceneDelegate.swift in Sources */,
				C6069E472A81AD66B3917365 /* SpendWise.xcdatamodeld in Sources */,
			);
			runOnlyForDeploymentPostprocessing = 0;
		};
		9B18829C5D0E0605A98B30E8 /* Sources */ = {
			isa = PBXSourcesBuildPhase;
			buildActionMask = 2147483647;
			files = (
				A609A5C73304997630E72AD0 /* AuthViewController.swift in Sources */,
			);
			runOnlyForDeploymentPostprocessing = 0;
		};
		9B71450D1E5A41C14E8046D2 /* Sources */ = {
			isa = PBXSourcesBuildPhase;
			buildActionMask = 2147483647;
			files = (
			);
			runOnlyForDeploymentPostprocessing = 0;
		};
		C53F052E5CE7E9D749AC7AFB /* Sources */ = {
			isa = PBXSourcesBuildPhase;
			buildActionMask = 2147483647;
			files = (
			);
			runOnlyForDeploymentPostprocessing = 0;
		};
		CE1BDFAAFCB952C242C0299A /* Sources */ = {
			isa = PBXSourcesBuildPhase;
			buildActionMask = 2147483647;
			files = (
				C26680F9BD4CED94A410B073 /* CellsReusingUntils.swift in Sources */,
				D37E1462A6B9C5395FF0DB6C /* Fonts.swift in Sources */,
				269092970F10FA2DABBF2DE2 /* GlobalConstants.swift in Sources */,
				C85CEF394192C628B77BD908 /* Logger.swift in Sources */,
				CE4B11E8757188F67DD3D012 /* UIView+Constraints.swift in Sources */,
				79F3DCE21A3D9103BC604F29 /* UIView+Extension.swift in Sources */,
			);
			runOnlyForDeploymentPostprocessing = 0;
		};
/* End PBXSourcesBuildPhase section */

/* Begin PBXTargetDependency section */
		05A0C01A85B9ACB29F97C222 /* PBXTargetDependency */ = {
			isa = PBXTargetDependency;
			target = 8173F4FDDE67FA292D72060A /* Expenses */;
			targetProxy = F5ECCFED74BEA2D2E3571ABD /* PBXContainerItemProxy */;
		};
		197A3151AC4819644274DAD9 /* PBXTargetDependency */ = {
			isa = PBXTargetDependency;
			target = BDDB488A3EA469695AD9B86B /* Persistence */;
			targetProxy = EDE0BB16C3F76C96BABD8C33 /* PBXContainerItemProxy */;
		};
		42E8E559F975EB95C7D90FB0 /* PBXTargetDependency */ = {
			isa = PBXTargetDependency;
			target = 0552EFA7DEA5BD432CDCB574 /* Core */;
			targetProxy = 33426BF252CDA8EBCC682541 /* PBXContainerItemProxy */;
		};
		43EF6AB32A8D33B86F0C6A13 /* PBXTargetDependency */ = {
			isa = PBXTargetDependency;
			target = 0552EFA7DEA5BD432CDCB574 /* Core */;
			targetProxy = C989FBD3FD5BB84671D02770 /* PBXContainerItemProxy */;
		};
		48B06A197DD0FE334802E42D /* PBXTargetDependency */ = {
			isa = PBXTargetDependency;
			target = 9CF5A20707DE80F117428560 /* UIComponents */;
			targetProxy = 36F6C1DCF898F924D83513B7 /* PBXContainerItemProxy */;
		};
		49B8B1778B633A38FEDD4832 /* PBXTargetDependency */ = {
			isa = PBXTargetDependency;
			target = 663BBBF3DCA314934F2222C8 /* Router */;
			targetProxy = 8D60001E44B508839A4BA089 /* PBXContainerItemProxy */;
		};
		6CED479C87626E2DA266C8D5 /* PBXTargetDependency */ = {
			isa = PBXTargetDependency;
			target = BDDB488A3EA469695AD9B86B /* Persistence */;
			targetProxy = 5F96F4915F6F3BD3D51E8939 /* PBXContainerItemProxy */;
		};
		823D8DE53F785B53973B107A /* PBXTargetDependency */ = {
			isa = PBXTargetDependency;
			target = AC7CE6CE6B3B6D9C41518597 /* Analytics */;
			targetProxy = 1E8C4184844570375B02E125 /* PBXContainerItemProxy */;
		};
		AD5D5F3CAD12A722736D561E /* PBXTargetDependency */ = {
			isa = PBXTargetDependency;
			target = 8173F4FDDE67FA292D72060A /* Expenses */;
			targetProxy = D95A111DF2BCCD58D392ACE5 /* PBXContainerItemProxy */;
		};
		C241C69FB4F76D13164F1FE3 /* PBXTargetDependency */ = {
			isa = PBXTargetDependency;
			target = 626F46BBD58F91A022E3F072 /* Auth */;
			targetProxy = 9FD051ACCCF775B34A7D8228 /* PBXContainerItemProxy */;
		};
		C8FE91B2E653497259D2F4D2 /* PBXTargetDependency */ = {
			isa = PBXTargetDependency;
			target = 0552EFA7DEA5BD432CDCB574 /* Core */;
			targetProxy = 947A79E38B6DE938A319EEBE /* PBXContainerItemProxy */;
		};
		CA873652D036724BE08DE146 /* PBXTargetDependency */ = {
			isa = PBXTargetDependency;
			target = C7024322581AAD91861355DA /* Settings */;
			targetProxy = 3474372EA44001EB56DCE06C /* PBXContainerItemProxy */;
		};
		D07365A5D88F6A5FDD71771C /* PBXTargetDependency */ = {
			isa = PBXTargetDependency;
			target = 9CF5A20707DE80F117428560 /* UIComponents */;
			targetProxy = 5550E84ABC4C1B9FBFD04026 /* PBXContainerItemProxy */;
		};
		D2241609B0525159A9D0A2B6 /* PBXTargetDependency */ = {
			isa = PBXTargetDependency;
			target = 0552EFA7DEA5BD432CDCB574 /* Core */;
			targetProxy = A1BA32AB2A99EFEFEC88E267 /* PBXContainerItemProxy */;
		};
		D38226318BCF2C922E46E545 /* PBXTargetDependency */ = {
			isa = PBXTargetDependency;
			target = 0552EFA7DEA5BD432CDCB574 /* Core */;
			targetProxy = AE8DC259188EBE99B2DD954C /* PBXContainerItemProxy */;
		};
		D6C228C1CE3905483468FC4B /* PBXTargetDependency */ = {
			isa = PBXTargetDependency;
			target = 0552EFA7DEA5BD432CDCB574 /* Core */;
			targetProxy = 4736B83849C1F999085FDDE2 /* PBXContainerItemProxy */;
		};
		E94CCB8FCCF85FF05FCA9D98 /* PBXTargetDependency */ = {
			isa = PBXTargetDependency;
			target = 0552EFA7DEA5BD432CDCB574 /* Core */;
			targetProxy = BF7FC5FFF2613BF2AAD845B0 /* PBXContainerItemProxy */;
		};
		F080134E6DC90156A08729B0 /* PBXTargetDependency */ = {
			isa = PBXTargetDependency;
			target = 626F46BBD58F91A022E3F072 /* Auth */;
			targetProxy = BFE348AF38AD809FA375B109 /* PBXContainerItemProxy */;
		};
		F6BA8F45E90CB21DAC85D10E /* PBXTargetDependency */ = {
			isa = PBXTargetDependency;
			target = 0552EFA7DEA5BD432CDCB574 /* Core */;
			targetProxy = DD76D6DD78A04AD6534DA833 /* PBXContainerItemProxy */;
		};
/* End PBXTargetDependency section */

/* Begin PBXVariantGroup section */
		288F35889AB8F69D6BA85CC0 /* LaunchScreen.storyboard */ = {
			isa = PBXVariantGroup;
			children = (
				C224B85EDBF53995E5E43C6E /* Base */,
			);
			name = LaunchScreen.storyboard;
			sourceTree = "<group>";
		};
/* End PBXVariantGroup section */

/* Begin XCBuildConfiguration section */
		05D96966588C0156A2E373CD /* Debug */ = {
			isa = XCBuildConfiguration;
			buildSettings = {
				CODE_SIGN_IDENTITY = "";
				CURRENT_PROJECT_VERSION = 1;
				DEFINES_MODULE = YES;
				DYLIB_COMPATIBILITY_VERSION = 1;
				DYLIB_CURRENT_VERSION = 1;
				DYLIB_INSTALL_NAME_BASE = "@rpath";
				INFOPLIST_FILE = SpendWise/Resouces/Info.plist;
				INSTALL_PATH = "$(LOCAL_LIBRARY_DIR)/Frameworks";
				IPHONEOS_DEPLOYMENT_TARGET = 18.0;
				LD_RUNPATH_SEARCH_PATHS = (
					"$(inherited)",
					"@executable_path/Frameworks",
				);
				PRODUCT_BUNDLE_IDENTIFIER = KV.Lyashenko.SpendWise.Core;
				SDKROOT = iphoneos;
				SKIP_INSTALL = YES;
				TARGETED_DEVICE_FAMILY = "1,2";
				VERSIONING_SYSTEM = "apple-generic";
			};
			name = Debug;
		};
		07647DBEA6B2703426FA46E2 /* Release */ = {
			isa = XCBuildConfiguration;
			buildSettings = {
				CODE_SIGN_IDENTITY = "";
				CURRENT_PROJECT_VERSION = 1;
				DEFINES_MODULE = YES;
				DYLIB_COMPATIBILITY_VERSION = 1;
				DYLIB_CURRENT_VERSION = 1;
				DYLIB_INSTALL_NAME_BASE = "@rpath";
				INFOPLIST_FILE = SpendWise/Resouces/Info.plist;
				INSTALL_PATH = "$(LOCAL_LIBRARY_DIR)/Frameworks";
				IPHONEOS_DEPLOYMENT_TARGET = 18.0;
				LD_RUNPATH_SEARCH_PATHS = (
					"$(inherited)",
					"@executable_path/Frameworks",
				);
				PRODUCT_BUNDLE_IDENTIFIER = KV.Lyashenko.SpendWise.Settings;
				SDKROOT = iphoneos;
				SKIP_INSTALL = YES;
				TARGETED_DEVICE_FAMILY = "1,2";
				VERSIONING_SYSTEM = "apple-generic";
			};
			name = Release;
		};
		0CA23058E1CAAA1544BFF0A6 /* Release */ = {
			isa = XCBuildConfiguration;
			buildSettings = {
				CODE_SIGN_IDENTITY = "";
				CURRENT_PROJECT_VERSION = 1;
				DEFINES_MODULE = YES;
				DYLIB_COMPATIBILITY_VERSION = 1;
				DYLIB_CURRENT_VERSION = 1;
				DYLIB_INSTALL_NAME_BASE = "@rpath";
				INFOPLIST_FILE = SpendWise/Resouces/Info.plist;
				INSTALL_PATH = "$(LOCAL_LIBRARY_DIR)/Frameworks";
				IPHONEOS_DEPLOYMENT_TARGET = 18.0;
				LD_RUNPATH_SEARCH_PATHS = (
					"$(inherited)",
					"@executable_path/Frameworks",
				);
				PRODUCT_BUNDLE_IDENTIFIER = KV.Lyashenko.SpendWise.Persistence;
				SDKROOT = iphoneos;
				SKIP_INSTALL = YES;
				TARGETED_DEVICE_FAMILY = "1,2";
				VERSIONING_SYSTEM = "apple-generic";
			};
			name = Release;
		};
		1391AE818A294100AA3F1529 /* Debug */ = {
			isa = XCBuildConfiguration;
			buildSettings = {
				CODE_SIGN_IDENTITY = "";
				CURRENT_PROJECT_VERSION = 1;
				DEFINES_MODULE = YES;
				DYLIB_COMPATIBILITY_VERSION = 1;
				DYLIB_CURRENT_VERSION = 1;
				DYLIB_INSTALL_NAME_BASE = "@rpath";
				INFOPLIST_FILE = SpendWise/Resouces/Info.plist;
				INSTALL_PATH = "$(LOCAL_LIBRARY_DIR)/Frameworks";
				IPHONEOS_DEPLOYMENT_TARGET = 18.0;
				LD_RUNPATH_SEARCH_PATHS = (
					"$(inherited)",
					"@executable_path/Frameworks",
				);
				PRODUCT_BUNDLE_IDENTIFIER = KV.Lyashenko.SpendWise.UIComponents;
				SDKROOT = iphoneos;
				SKIP_INSTALL = YES;
				TARGETED_DEVICE_FAMILY = "1,2";
				VERSIONING_SYSTEM = "apple-generic";
			};
			name = Debug;
		};
		163D965BDB109DD1EB565DEE /* Debug */ = {
			isa = XCBuildConfiguration;
			buildSettings = {
				CODE_SIGN_IDENTITY = "";
				CURRENT_PROJECT_VERSION = 1;
				DEFINES_MODULE = YES;
				DYLIB_COMPATIBILITY_VERSION = 1;
				DYLIB_CURRENT_VERSION = 1;
				DYLIB_INSTALL_NAME_BASE = "@rpath";
				INFOPLIST_FILE = SpendWise/Resouces/Info.plist;
				INSTALL_PATH = "$(LOCAL_LIBRARY_DIR)/Frameworks";
				IPHONEOS_DEPLOYMENT_TARGET = 18.0;
				LD_RUNPATH_SEARCH_PATHS = (
					"$(inherited)",
					"@executable_path/Frameworks",
				);
				PRODUCT_BUNDLE_IDENTIFIER = KV.Lyashenko.SpendWise.Persistence;
				SDKROOT = iphoneos;
				SKIP_INSTALL = YES;
				TARGETED_DEVICE_FAMILY = "1,2";
				VERSIONING_SYSTEM = "apple-generic";
			};
			name = Debug;
		};
		19A45964E6CE9F82848A8B89 /* Debug */ = {
			isa = XCBuildConfiguration;
			buildSettings = {
				CODE_SIGN_IDENTITY = "";
				CURRENT_PROJECT_VERSION = 1;
				DEFINES_MODULE = YES;
				DYLIB_COMPATIBILITY_VERSION = 1;
				DYLIB_CURRENT_VERSION = 1;
				DYLIB_INSTALL_NAME_BASE = "@rpath";
				INFOPLIST_FILE = SpendWise/Resouces/Info.plist;
				INSTALL_PATH = "$(LOCAL_LIBRARY_DIR)/Frameworks";
				IPHONEOS_DEPLOYMENT_TARGET = 18.0;
				LD_RUNPATH_SEARCH_PATHS = (
					"$(inherited)",
					"@executable_path/Frameworks",
				);
				PRODUCT_BUNDLE_IDENTIFIER = KV.Lyashenko.SpendWise.Settings;
				SDKROOT = iphoneos;
				SKIP_INSTALL = YES;
				TARGETED_DEVICE_FAMILY = "1,2";
				VERSIONING_SYSTEM = "apple-generic";
			};
			name = Debug;
		};
		32108AD8D0E86AA9477AAEC3 /* Debug */ = {
			isa = XCBuildConfiguration;
			buildSettings = {
				ASSETCATALOG_COMPILER_APPICON_NAME = AppIcon;
				CODE_SIGN_IDENTITY = "iPhone Developer";
				INFOPLIST_FILE = SpendWise/Resouces/Info.plist;
				IPHONEOS_DEPLOYMENT_TARGET = 18.0;
				LD_RUNPATH_SEARCH_PATHS = (
					"$(inherited)",
					"@executable_path/Frameworks",
				);
				PRODUCT_BUNDLE_IDENTIFIER = KV.Lyashenko.SpendWise;
				SDKROOT = iphoneos;
				TARGETED_DEVICE_FAMILY = "1,2";
			};
			name = Debug;
		};
		38C1277741FCFD7312C3EA67 /* Release */ = {
			isa = XCBuildConfiguration;
			buildSettings = {
				CODE_SIGN_IDENTITY = "";
				CURRENT_PROJECT_VERSION = 1;
				DEFINES_MODULE = YES;
				DYLIB_COMPATIBILITY_VERSION = 1;
				DYLIB_CURRENT_VERSION = 1;
				DYLIB_INSTALL_NAME_BASE = "@rpath";
				INFOPLIST_FILE = SpendWise/Resouces/Info.plist;
				INSTALL_PATH = "$(LOCAL_LIBRARY_DIR)/Frameworks";
				IPHONEOS_DEPLOYMENT_TARGET = 18.0;
				LD_RUNPATH_SEARCH_PATHS = (
					"$(inherited)",
					"@executable_path/Frameworks",
				);
				PRODUCT_BUNDLE_IDENTIFIER = KV.Lyashenko.SpendWise.Router;
				SDKROOT = iphoneos;
				SKIP_INSTALL = YES;
				TARGETED_DEVICE_FAMILY = "1,2";
				VERSIONING_SYSTEM = "apple-generic";
			};
			name = Release;
		};
		4B3AA6B5C65E37B1DC8EECFF /* Debug */ = {
			isa = XCBuildConfiguration;
			buildSettings = {
				CODE_SIGN_IDENTITY = "";
				CURRENT_PROJECT_VERSION = 1;
				DEFINES_MODULE = YES;
				DYLIB_COMPATIBILITY_VERSION = 1;
				DYLIB_CURRENT_VERSION = 1;
				DYLIB_INSTALL_NAME_BASE = "@rpath";
				INFOPLIST_FILE = SpendWise/Resouces/Info.plist;
				INSTALL_PATH = "$(LOCAL_LIBRARY_DIR)/Frameworks";
				IPHONEOS_DEPLOYMENT_TARGET = 18.0;
				LD_RUNPATH_SEARCH_PATHS = (
					"$(inherited)",
					"@executable_path/Frameworks",
				);
				PRODUCT_BUNDLE_IDENTIFIER = KV.Lyashenko.SpendWise.Expenses;
				SDKROOT = iphoneos;
				SKIP_INSTALL = YES;
				TARGETED_DEVICE_FAMILY = "1,2";
				VERSIONING_SYSTEM = "apple-generic";
			};
			name = Debug;
		};
		4BFB081A00E96842284F6F54 /* Release */ = {
			isa = XCBuildConfiguration;
			buildSettings = {
				CODE_SIGN_IDENTITY = "";
				CURRENT_PROJECT_VERSION = 1;
				DEFINES_MODULE = YES;
				DYLIB_COMPATIBILITY_VERSION = 1;
				DYLIB_CURRENT_VERSION = 1;
				DYLIB_INSTALL_NAME_BASE = "@rpath";
				INFOPLIST_FILE = SpendWise/Resouces/Info.plist;
				INSTALL_PATH = "$(LOCAL_LIBRARY_DIR)/Frameworks";
				IPHONEOS_DEPLOYMENT_TARGET = 18.0;
				LD_RUNPATH_SEARCH_PATHS = (
					"$(inherited)",
					"@executable_path/Frameworks",
				);
				PRODUCT_BUNDLE_IDENTIFIER = KV.Lyashenko.SpendWise.Auth;
				SDKROOT = iphoneos;
				SKIP_INSTALL = YES;
				TARGETED_DEVICE_FAMILY = "1,2";
				VERSIONING_SYSTEM = "apple-generic";
			};
			name = Release;
		};
		4F06ABC969A786A024D9A3DE /* Release */ = {
			isa = XCBuildConfiguration;
			buildSettings = {
				ASSETCATALOG_COMPILER_APPICON_NAME = AppIcon;
				CODE_SIGN_IDENTITY = "iPhone Developer";
				INFOPLIST_FILE = SpendWise/Resouces/Info.plist;
				IPHONEOS_DEPLOYMENT_TARGET = 18.0;
				LD_RUNPATH_SEARCH_PATHS = (
					"$(inherited)",
					"@executable_path/Frameworks",
				);
				PRODUCT_BUNDLE_IDENTIFIER = KV.Lyashenko.SpendWise;
				SDKROOT = iphoneos;
				TARGETED_DEVICE_FAMILY = "1,2";
			};
			name = Release;
		};
		546CE3F1E1E863BA53616BBE /* Release */ = {
			isa = XCBuildConfiguration;
			buildSettings = {
				CODE_SIGN_IDENTITY = "";
				CURRENT_PROJECT_VERSION = 1;
				DEFINES_MODULE = YES;
				DYLIB_COMPATIBILITY_VERSION = 1;
				DYLIB_CURRENT_VERSION = 1;
				DYLIB_INSTALL_NAME_BASE = "@rpath";
				INFOPLIST_FILE = SpendWise/Resouces/Info.plist;
				INSTALL_PATH = "$(LOCAL_LIBRARY_DIR)/Frameworks";
				IPHONEOS_DEPLOYMENT_TARGET = 18.0;
				LD_RUNPATH_SEARCH_PATHS = (
					"$(inherited)",
					"@executable_path/Frameworks",
				);
				PRODUCT_BUNDLE_IDENTIFIER = KV.Lyashenko.SpendWise.Core;
				SDKROOT = iphoneos;
				SKIP_INSTALL = YES;
				TARGETED_DEVICE_FAMILY = "1,2";
				VERSIONING_SYSTEM = "apple-generic";
			};
			name = Release;
		};
		6C3FAC0A904D74E4BD5109D4 /* Debug */ = {
			isa = XCBuildConfiguration;
			buildSettings = {
				ALWAYS_SEARCH_USER_PATHS = NO;
				CLANG_ANALYZER_NONNULL = YES;
				CLANG_ANALYZER_NUMBER_OBJECT_CONVERSION = YES_AGGRESSIVE;
				CLANG_CXX_LANGUAGE_STANDARD = "gnu++14";
				CLANG_CXX_LIBRARY = "libc++";
				CLANG_ENABLE_MODULES = YES;
				CLANG_ENABLE_OBJC_ARC = YES;
				CLANG_ENABLE_OBJC_WEAK = YES;
				CLANG_WARN_BLOCK_CAPTURE_AUTORELEASING = YES;
				CLANG_WARN_BOOL_CONVERSION = YES;
				CLANG_WARN_COMMA = YES;
				CLANG_WARN_CONSTANT_CONVERSION = YES;
				CLANG_WARN_DEPRECATED_OBJC_IMPLEMENTATIONS = YES;
				CLANG_WARN_DIRECT_OBJC_ISA_USAGE = YES_ERROR;
				CLANG_WARN_DOCUMENTATION_COMMENTS = YES;
				CLANG_WARN_EMPTY_BODY = YES;
				CLANG_WARN_ENUM_CONVERSION = YES;
				CLANG_WARN_INFINITE_RECURSION = YES;
				CLANG_WARN_INT_CONVERSION = YES;
				CLANG_WARN_NON_LITERAL_NULL_CONVERSION = YES;
				CLANG_WARN_OBJC_IMPLICIT_RETAIN_SELF = YES;
				CLANG_WARN_OBJC_LITERAL_CONVERSION = YES;
				CLANG_WARN_OBJC_ROOT_CLASS = YES_ERROR;
				CLANG_WARN_QUOTED_INCLUDE_IN_FRAMEWORK_HEADER = YES;
				CLANG_WARN_RANGE_LOOP_ANALYSIS = YES;
				CLANG_WARN_STRICT_PROTOTYPES = YES;
				CLANG_WARN_SUSPICIOUS_MOVE = YES;
				CLANG_WARN_UNGUARDED_AVAILABILITY = YES_AGGRESSIVE;
				CLANG_WARN_UNREACHABLE_CODE = YES;
				CLANG_WARN__DUPLICATE_METHOD_MATCH = YES;
				COPY_PHASE_STRIP = NO;
				DEBUG_INFORMATION_FORMAT = dwarf;
				ENABLE_STRICT_OBJC_MSGSEND = YES;
				ENABLE_TESTABILITY = YES;
				GCC_C_LANGUAGE_STANDARD = gnu11;
				GCC_DYNAMIC_NO_PIC = NO;
				GCC_NO_COMMON_BLOCKS = YES;
				GCC_OPTIMIZATION_LEVEL = 0;
				GCC_PREPROCESSOR_DEFINITIONS = (
					"$(inherited)",
					"DEBUG=1",
				);
				GCC_WARN_64_TO_32_BIT_CONVERSION = YES;
				GCC_WARN_ABOUT_RETURN_TYPE = YES_ERROR;
				GCC_WARN_UNDECLARED_SELECTOR = YES;
				GCC_WARN_UNINITIALIZED_AUTOS = YES_AGGRESSIVE;
				GCC_WARN_UNUSED_FUNCTION = YES;
				GCC_WARN_UNUSED_VARIABLE = YES;
				MTL_ENABLE_DEBUG_INFO = INCLUDE_SOURCE;
				MTL_FAST_MATH = YES;
				ONLY_ACTIVE_ARCH = YES;
				PRODUCT_NAME = "$(TARGET_NAME)";
				SDKROOT = iphoneos;
				SUPPORTED_DEVICE_FAMILIES = 1;
				SWIFT_ACTIVE_COMPILATION_CONDITIONS = DEBUG;
				SWIFT_OPTIMIZATION_LEVEL = "-Onone";
				SWIFT_VERSION = 5.0;
				UISupportedInterfaceOrientations = "UIInterfaceOrientationPortrait UIInterfaceOrientationPortraitUpsideDown";
			};
			name = Debug;
		};
		7CCA7AC7B088307C51EB1754 /* Debug */ = {
			isa = XCBuildConfiguration;
			buildSettings = {
				CODE_SIGN_IDENTITY = "";
				CURRENT_PROJECT_VERSION = 1;
				DEFINES_MODULE = YES;
				DYLIB_COMPATIBILITY_VERSION = 1;
				DYLIB_CURRENT_VERSION = 1;
				DYLIB_INSTALL_NAME_BASE = "@rpath";
				INFOPLIST_FILE = SpendWise/Resouces/Info.plist;
				INSTALL_PATH = "$(LOCAL_LIBRARY_DIR)/Frameworks";
				IPHONEOS_DEPLOYMENT_TARGET = 18.0;
				LD_RUNPATH_SEARCH_PATHS = (
					"$(inherited)",
					"@executable_path/Frameworks",
				);
				PRODUCT_BUNDLE_IDENTIFIER = KV.Lyashenko.SpendWise.Auth;
				SDKROOT = iphoneos;
				SKIP_INSTALL = YES;
				TARGETED_DEVICE_FAMILY = "1,2";
				VERSIONING_SYSTEM = "apple-generic";
			};
			name = Debug;
		};
		80C4F89FB1D99BA180B422DA /* Release */ = {
			isa = XCBuildConfiguration;
			buildSettings = {
				CODE_SIGN_IDENTITY = "";
				CURRENT_PROJECT_VERSION = 1;
				DEFINES_MODULE = YES;
				DYLIB_COMPATIBILITY_VERSION = 1;
				DYLIB_CURRENT_VERSION = 1;
				DYLIB_INSTALL_NAME_BASE = "@rpath";
				INFOPLIST_FILE = SpendWise/Resouces/Info.plist;
				INSTALL_PATH = "$(LOCAL_LIBRARY_DIR)/Frameworks";
				IPHONEOS_DEPLOYMENT_TARGET = 18.0;
				LD_RUNPATH_SEARCH_PATHS = (
					"$(inherited)",
					"@executable_path/Frameworks",
				);
				PRODUCT_BUNDLE_IDENTIFIER = KV.Lyashenko.SpendWise.UIComponents;
				SDKROOT = iphoneos;
				SKIP_INSTALL = YES;
				TARGETED_DEVICE_FAMILY = "1,2";
				VERSIONING_SYSTEM = "apple-generic";
			};
			name = Release;
		};
		AF5986C2CC1C4C3DEFE10C87 /* Release */ = {
			isa = XCBuildConfiguration;
			buildSettings = {
				ALWAYS_SEARCH_USER_PATHS = NO;
				CLANG_ANALYZER_NONNULL = YES;
				CLANG_ANALYZER_NUMBER_OBJECT_CONVERSION = YES_AGGRESSIVE;
				CLANG_CXX_LANGUAGE_STANDARD = "gnu++14";
				CLANG_CXX_LIBRARY = "libc++";
				CLANG_ENABLE_MODULES = YES;
				CLANG_ENABLE_OBJC_ARC = YES;
				CLANG_ENABLE_OBJC_WEAK = YES;
				CLANG_WARN_BLOCK_CAPTURE_AUTORELEASING = YES;
				CLANG_WARN_BOOL_CONVERSION = YES;
				CLANG_WARN_COMMA = YES;
				CLANG_WARN_CONSTANT_CONVERSION = YES;
				CLANG_WARN_DEPRECATED_OBJC_IMPLEMENTATIONS = YES;
				CLANG_WARN_DIRECT_OBJC_ISA_USAGE = YES_ERROR;
				CLANG_WARN_DOCUMENTATION_COMMENTS = YES;
				CLANG_WARN_EMPTY_BODY = YES;
				CLANG_WARN_ENUM_CONVERSION = YES;
				CLANG_WARN_INFINITE_RECURSION = YES;
				CLANG_WARN_INT_CONVERSION = YES;
				CLANG_WARN_NON_LITERAL_NULL_CONVERSION = YES;
				CLANG_WARN_OBJC_IMPLICIT_RETAIN_SELF = YES;
				CLANG_WARN_OBJC_LITERAL_CONVERSION = YES;
				CLANG_WARN_OBJC_ROOT_CLASS = YES_ERROR;
				CLANG_WARN_QUOTED_INCLUDE_IN_FRAMEWORK_HEADER = YES;
				CLANG_WARN_RANGE_LOOP_ANALYSIS = YES;
				CLANG_WARN_STRICT_PROTOTYPES = YES;
				CLANG_WARN_SUSPICIOUS_MOVE = YES;
				CLANG_WARN_UNGUARDED_AVAILABILITY = YES_AGGRESSIVE;
				CLANG_WARN_UNREACHABLE_CODE = YES;
				CLANG_WARN__DUPLICATE_METHOD_MATCH = YES;
				COPY_PHASE_STRIP = NO;
				DEBUG_INFORMATION_FORMAT = "dwarf-with-dsym";
				ENABLE_NS_ASSERTIONS = NO;
				ENABLE_STRICT_OBJC_MSGSEND = YES;
				GCC_C_LANGUAGE_STANDARD = gnu11;
				GCC_NO_COMMON_BLOCKS = YES;
				GCC_WARN_64_TO_32_BIT_CONVERSION = YES;
				GCC_WARN_ABOUT_RETURN_TYPE = YES_ERROR;
				GCC_WARN_UNDECLARED_SELECTOR = YES;
				GCC_WARN_UNINITIALIZED_AUTOS = YES_AGGRESSIVE;
				GCC_WARN_UNUSED_FUNCTION = YES;
				GCC_WARN_UNUSED_VARIABLE = YES;
				MTL_ENABLE_DEBUG_INFO = NO;
				MTL_FAST_MATH = YES;
				PRODUCT_NAME = "$(TARGET_NAME)";
				SDKROOT = iphoneos;
				SUPPORTED_DEVICE_FAMILIES = 1;
				SWIFT_COMPILATION_MODE = wholemodule;
				SWIFT_OPTIMIZATION_LEVEL = "-O";
				SWIFT_VERSION = 5.0;
				UISupportedInterfaceOrientations = "UIInterfaceOrientationPortrait UIInterfaceOrientationPortraitUpsideDown";
			};
			name = Release;
		};
		D82A69905716EC923912AEE1 /* Debug */ = {
			isa = XCBuildConfiguration;
			buildSettings = {
				CODE_SIGN_IDENTITY = "";
				CURRENT_PROJECT_VERSION = 1;
				DEFINES_MODULE = YES;
				DYLIB_COMPATIBILITY_VERSION = 1;
				DYLIB_CURRENT_VERSION = 1;
				DYLIB_INSTALL_NAME_BASE = "@rpath";
				INFOPLIST_FILE = SpendWise/Resouces/Info.plist;
				INSTALL_PATH = "$(LOCAL_LIBRARY_DIR)/Frameworks";
				IPHONEOS_DEPLOYMENT_TARGET = 18.0;
				LD_RUNPATH_SEARCH_PATHS = (
					"$(inherited)",
					"@executable_path/Frameworks",
				);
				PRODUCT_BUNDLE_IDENTIFIER = KV.Lyashenko.SpendWise.Analytics;
				SDKROOT = iphoneos;
				SKIP_INSTALL = YES;
				TARGETED_DEVICE_FAMILY = "1,2";
				VERSIONING_SYSTEM = "apple-generic";
			};
			name = Debug;
		};
		DE9C63796047187D0D2C8FB9 /* Debug */ = {
			isa = XCBuildConfiguration;
			buildSettings = {
				CODE_SIGN_IDENTITY = "";
				CURRENT_PROJECT_VERSION = 1;
				DEFINES_MODULE = YES;
				DYLIB_COMPATIBILITY_VERSION = 1;
				DYLIB_CURRENT_VERSION = 1;
				DYLIB_INSTALL_NAME_BASE = "@rpath";
				INFOPLIST_FILE = SpendWise/Resouces/Info.plist;
				INSTALL_PATH = "$(LOCAL_LIBRARY_DIR)/Frameworks";
				IPHONEOS_DEPLOYMENT_TARGET = 18.0;
				LD_RUNPATH_SEARCH_PATHS = (
					"$(inherited)",
					"@executable_path/Frameworks",
				);
				PRODUCT_BUNDLE_IDENTIFIER = KV.Lyashenko.SpendWise.Router;
				SDKROOT = iphoneos;
				SKIP_INSTALL = YES;
				TARGETED_DEVICE_FAMILY = "1,2";
				VERSIONING_SYSTEM = "apple-generic";
			};
			name = Debug;
		};
		EBFB4C39C7C361DA987F0A1B /* Release */ = {
			isa = XCBuildConfiguration;
			buildSettings = {
				CODE_SIGN_IDENTITY = "";
				CURRENT_PROJECT_VERSION = 1;
				DEFINES_MODULE = YES;
				DYLIB_COMPATIBILITY_VERSION = 1;
				DYLIB_CURRENT_VERSION = 1;
				DYLIB_INSTALL_NAME_BASE = "@rpath";
				INFOPLIST_FILE = SpendWise/Resouces/Info.plist;
				INSTALL_PATH = "$(LOCAL_LIBRARY_DIR)/Frameworks";
				IPHONEOS_DEPLOYMENT_TARGET = 18.0;
				LD_RUNPATH_SEARCH_PATHS = (
					"$(inherited)",
					"@executable_path/Frameworks",
				);
				PRODUCT_BUNDLE_IDENTIFIER = KV.Lyashenko.SpendWise.Analytics;
				SDKROOT = iphoneos;
				SKIP_INSTALL = YES;
				TARGETED_DEVICE_FAMILY = "1,2";
				VERSIONING_SYSTEM = "apple-generic";
			};
			name = Release;
		};
		FF6C048E24A4778E94F3CE14 /* Release */ = {
			isa = XCBuildConfiguration;
			buildSettings = {
				CODE_SIGN_IDENTITY = "";
				CURRENT_PROJECT_VERSION = 1;
				DEFINES_MODULE = YES;
				DYLIB_COMPATIBILITY_VERSION = 1;
				DYLIB_CURRENT_VERSION = 1;
				DYLIB_INSTALL_NAME_BASE = "@rpath";
				INFOPLIST_FILE = SpendWise/Resouces/Info.plist;
				INSTALL_PATH = "$(LOCAL_LIBRARY_DIR)/Frameworks";
				IPHONEOS_DEPLOYMENT_TARGET = 18.0;
				LD_RUNPATH_SEARCH_PATHS = (
					"$(inherited)",
					"@executable_path/Frameworks",
				);
				PRODUCT_BUNDLE_IDENTIFIER = KV.Lyashenko.SpendWise.Expenses;
				SDKROOT = iphoneos;
				SKIP_INSTALL = YES;
				TARGETED_DEVICE_FAMILY = "1,2";
				VERSIONING_SYSTEM = "apple-generic";
			};
			name = Release;
		};
/* End XCBuildConfiguration section */

/* Begin XCConfigurationList section */
		0588285240F2AA9D332D4EB9 /* Build configuration list for PBXProject "SpendWise" */ = {
			isa = XCConfigurationList;
			buildConfigurations = (
				6C3FAC0A904D74E4BD5109D4 /* Debug */,
				AF5986C2CC1C4C3DEFE10C87 /* Release */,
			);
			defaultConfigurationIsVisible = 0;
			defaultConfigurationName = Debug;
		};
		51D85D19EBEF35894DF7F019 /* Build configuration list for PBXNativeTarget "Router" */ = {
			isa = XCConfigurationList;
			buildConfigurations = (
				DE9C63796047187D0D2C8FB9 /* Debug */,
				38C1277741FCFD7312C3EA67 /* Release */,
			);
			defaultConfigurationIsVisible = 0;
			defaultConfigurationName = Debug;
		};
		6C6832CC50825591A72BE1B7 /* Build configuration list for PBXNativeTarget "UIComponents" */ = {
			isa = XCConfigurationList;
			buildConfigurations = (
				1391AE818A294100AA3F1529 /* Debug */,
				80C4F89FB1D99BA180B422DA /* Release */,
			);
			defaultConfigurationIsVisible = 0;
			defaultConfigurationName = Debug;
		};
		7849095DD7716ECE39B7BF8E /* Build configuration list for PBXNativeTarget "Expenses" */ = {
			isa = XCConfigurationList;
			buildConfigurations = (
				4B3AA6B5C65E37B1DC8EECFF /* Debug */,
				FF6C048E24A4778E94F3CE14 /* Release */,
			);
			defaultConfigurationIsVisible = 0;
			defaultConfigurationName = Debug;
		};
		7FCEDFB47C669C68AB0891EF /* Build configuration list for PBXNativeTarget "Analytics" */ = {
			isa = XCConfigurationList;
			buildConfigurations = (
				D82A69905716EC923912AEE1 /* Debug */,
				EBFB4C39C7C361DA987F0A1B /* Release */,
			);
			defaultConfigurationIsVisible = 0;
			defaultConfigurationName = Debug;
		};
		A4CF813043B3C542916339FA /* Build configuration list for PBXNativeTarget "SpendWise" */ = {
			isa = XCConfigurationList;
			buildConfigurations = (
				32108AD8D0E86AA9477AAEC3 /* Debug */,
				4F06ABC969A786A024D9A3DE /* Release */,
			);
			defaultConfigurationIsVisible = 0;
			defaultConfigurationName = Debug;
		};
		B06363E17104BE7519D58D11 /* Build configuration list for PBXNativeTarget "Settings" */ = {
			isa = XCConfigurationList;
			buildConfigurations = (
				19A45964E6CE9F82848A8B89 /* Debug */,
				07647DBEA6B2703426FA46E2 /* Release */,
			);
			defaultConfigurationIsVisible = 0;
			defaultConfigurationName = Debug;
		};
		B2BA8038D8756FEADE1583A3 /* Build configuration list for PBXNativeTarget "Core" */ = {
			isa = XCConfigurationList;
			buildConfigurations = (
				05D96966588C0156A2E373CD /* Debug */,
				546CE3F1E1E863BA53616BBE /* Release */,
			);
			defaultConfigurationIsVisible = 0;
			defaultConfigurationName = Debug;
		};
		B3D4AF96D98F35E1BDD1019F /* Build configuration list for PBXNativeTarget "Auth" */ = {
			isa = XCConfigurationList;
			buildConfigurations = (
				7CCA7AC7B088307C51EB1754 /* Debug */,
				4BFB081A00E96842284F6F54 /* Release */,
			);
			defaultConfigurationIsVisible = 0;
			defaultConfigurationName = Debug;
		};
		CAC95B81BEB1075046276854 /* Build configuration list for PBXNativeTarget "Persistence" */ = {
			isa = XCConfigurationList;
			buildConfigurations = (
				163D965BDB109DD1EB565DEE /* Debug */,
				0CA23058E1CAAA1544BFF0A6 /* Release */,
			);
			defaultConfigurationIsVisible = 0;
			defaultConfigurationName = Debug;
		};
/* End XCConfigurationList section */

/* Begin XCRemoteSwiftPackageReference section */
		64C6929F180CD3793814034D /* XCRemoteSwiftPackageReference "SwiftLint" */ = {
			isa = XCRemoteSwiftPackageReference;
			repositoryURL = "https://github.com/realm/SwiftLint.git";
			requirement = {
				kind = upToNextMajorVersion;
				minimumVersion = 0.58.2;
			};
		};
		B63F10D0EC3178D456482A30 /* XCRemoteSwiftPackageReference "firebase-ios-sdk" */ = {
			isa = XCRemoteSwiftPackageReference;
			repositoryURL = "https://github.com/firebase/firebase-ios-sdk";
			requirement = {
				kind = upToNextMajorVersion;
				minimumVersion = 11.10.0;
			};
		};
/* End XCRemoteSwiftPackageReference section */

/* Begin XCSwiftPackageProductDependency section */
		FE3A00ADC5FE715C686CC713 /* FirebaseAuth */ = {
			isa = XCSwiftPackageProductDependency;
			package = B63F10D0EC3178D456482A30 /* XCRemoteSwiftPackageReference "firebase-ios-sdk" */;
			productName = FirebaseAuth;
		};
/* End XCSwiftPackageProductDependency section */

/* Begin XCVersionGroup section */
		24E1B715E8A0E82BF8B46092 /* SpendWise.xcdatamodeld */ = {
			isa = XCVersionGroup;
			children = (
				FB88AF82F0B197AD28A1E680 /* SpendWise.xcdatamodel */,
			);
			currentVersion = FB88AF82F0B197AD28A1E680 /* SpendWise.xcdatamodel */;
			path = SpendWise.xcdatamodeld;
			sourceTree = "<group>";
			versionGroupType = wrapper.xcdatamodel;
		};
/* End XCVersionGroup section */
	};
	rootObject = BA5EB1615A1CD0AAD26B012C /* Project object */;
}
